# This file is generated by running "yarn install" inside your project.
# Manual changes might be lost - proceed with caution!

__metadata:
  version: 8
  cacheKey: 10c0

"bootstrap@npm:4.6.2":
  version: 4.6.2
  resolution: "bootstrap@npm:4.6.2"
  peerDependencies:
    jquery: 1.9.1 - 3
    popper.js: ^1.16.1
  checksum: 10c0/aae7178a306cd9376d10302bf557e00ba7e3bffffb4c0533687c1e0de90f9d30d8883a9b0ac629a2e64131954eca4e03ee06ee665e52b8c44ca66b3599024e8a
  languageName: node
  linkType: hard

"jan-aagaard-s-blog@workspace:.":
  version: 0.0.0-use.local
  resolution: "jan-aagaard-s-blog@workspace:."
  dependencies:
    bootstrap: "npm:4.6.2"
  languageName: unknown
  linkType: soft
