# This file is generated by running "yarn install" inside your project.
# Manual changes might be lost - proceed with caution!

__metadata:
  version: 8
  cacheKey: 10c0

"bootstrap@npm:^5.0.0":
  version: 5.3.7
  resolution: "bootstrap@npm:5.3.7"
  peerDependencies:
    "@popperjs/core": ^2.11.8
  checksum: 10c0/019f0d683aec843b9fc0592ae78560cfe286bc8e31e706d40d8c15d390dcca7ab2ffa193a489a74f65ed5596800b9b79da867545ce3bbafca945b630fe0055af
  languageName: node
  linkType: hard

"jan-aagaard-s-blog@workspace:.":
  version: 0.0.0-use.local
  resolution: "jan-aagaard-s-blog@workspace:."
  dependencies:
    bootstrap: "npm:^5.0.0"
  languageName: unknown
  linkType: soft
