# This file is generated by running "yarn install" inside your project.
# Manual changes might be lost - proceed with caution!

__metadata:
  version: 8
  cacheKey: 10c0

"bootstrap@npm:4.5.3":
  version: 4.5.3
  resolution: "bootstrap@npm:4.5.3"
  peerDependencies:
    jquery: 1.9.1 - 3
    popper.js: ^1.16.1
  checksum: 10c0/3f5e4b05c5256b0983bb52a4effd87bb2383a5c3aea29d2520040f434d8add5328cddf531abec536be5205323d5bf743006ed9bf7d476fa863bb1d49ae780a77
  languageName: node
  linkType: hard

"jan-aagaard-s-blog@workspace:.":
  version: 0.0.0-use.local
  resolution: "jan-aagaard-s-blog@workspace:."
  dependencies:
    bootstrap: "npm:4.5.3"
  languageName: unknown
  linkType: soft
